// !$*UTF8*$!
{
	archiveVersion = 1;
	classes = {
	};
	objectVersion = 48;
	objects = {

/* Begin PBXBuildFile section */
		69FEC7082027766D00A7CB64 /* AppDelegate.m in Sources */ = {isa = PBXBuildFile; fileRef = 69FEC7072027766D00A7CB64 /* AppDelegate.m */; };
		69FEC70A2027766D00A7CB64 /* Assets.xcassets in Resources */ = {isa = PBXBuildFile; fileRef = 69FEC7092027766D00A7CB64 /* Assets.xcassets */; };
		69FEC70D2027766D00A7CB64 /* MainMenu.xib in Resources */ = {isa = PBXBuildFile; fileRef = 69FEC70B2027766D00A7CB64 /* MainMenu.xib */; };
		69FEC7102027766D00A7CB64 /* main.m in Sources */ = {isa = PBXBuildFile; fileRef = 69FEC70F2027766D00A7CB64 /* main.m */; };
		69FEC7182027800800A7CB64 /* Notes in Resources */ = {isa = PBXBuildFile; fileRef = 69FEC7172027800800A7CB64 /* Notes */; };
		69FEC71C2027890100A7CB64 /* BaslerGUI.m in Sources */ = {isa = PBXBuildFile; fileRef = 69FEC71A2027890100A7CB64 /* BaslerGUI.m */; };
		69FEC71D2027890100A7CB64 /* BaslerGUI.xib in Resources */ = {isa = PBXBuildFile; fileRef = 69FEC71B2027890100A7CB64 /* BaslerGUI.xib */; };
		69FEC7202027897B00A7CB64 /* BaslerSocket.m in Sources */ = {isa = PBXBuildFile; fileRef = 69FEC71F2027897B00A7CB64 /* BaslerSocket.m */; };
		69FEC7232027A7F500A7CB64 /* BaslerImageView.m in Sources */ = {isa = PBXBuildFile; fileRef = 69FEC7222027A7F500A7CB64 /* BaslerImageView.m */; };
/* End PBXBuildFile section */

/* Begin PBXFileReference section */
		69FEC7032027766D00A7CB64 /* BaslerCamera.app */ = {isa = PBXFileReference; explicitFileType = wrapper.application; includeInIndex = 0; path = BaslerCamera.app; sourceTree = BUILT_PRODUCTS_DIR; };
		69FEC7062027766D00A7CB64 /* AppDelegate.h */ = {isa = PBXFileReference; lastKnownFileType = sourcecode.c.h; path = AppDelegate.h; sourceTree = "<group>"; };
		69FEC7072027766D00A7CB64 /* AppDelegate.m */ = {isa = PBXFileReference; lastKnownFileType = sourcecode.c.objc; path = AppDelegate.m; sourceTree = "<group>"; };
		69FEC7092027766D00A7CB64 /* Assets.xcassets */ = {isa = PBXFileReference; lastKnownFileType = folder.assetcatalog; path = Assets.xcassets; sourceTree = "<group>"; };
		69FEC70C2027766D00A7CB64 /* Base */ = {isa = PBXFileReference; lastKnownFileType = file.xib; name = Base; path = Base.lproj/MainMenu.xib; sourceTree = "<group>"; };
		69FEC70E2027766D00A7CB64 /* Info.plist */ = {isa = PBXFileReference; lastKnownFileType = text.plist.xml; path = Info.plist; sourceTree = "<group>"; };
		69FEC70F2027766D00A7CB64 /* main.m */ = {isa = PBXFileReference; lastKnownFileType = sourcecode.c.objc; path = main.m; sourceTree = "<group>"; };
		69FEC7112027766D00A7CB64 /* BaslerCamera.entitlements */ = {isa = PBXFileReference; lastKnownFileType = text.plist.entitlements; path = BaslerCamera.entitlements; sourceTree = "<group>"; };
		69FEC7172027800800A7CB64 /* Notes */ = {isa = PBXFileReference; lastKnownFileType = text; name = Notes; path = BaslerCamera/Notes; sourceTree = "<group>"; };
		69FEC7192027890100A7CB64 /* BaslerGUI.h */ = {isa = PBXFileReference; lastKnownFileType = sourcecode.c.h; path = BaslerGUI.h; sourceTree = "<group>"; };
		69FEC71A2027890100A7CB64 /* BaslerGUI.m */ = {isa = PBXFileReference; lastKnownFileType = sourcecode.c.objc; path = BaslerGUI.m; sourceTree = "<group>"; };
		69FEC71B2027890100A7CB64 /* BaslerGUI.xib */ = {isa = PBXFileReference; lastKnownFileType = file.xib; path = BaslerGUI.xib; sourceTree = "<group>"; };
		69FEC71E2027897B00A7CB64 /* BaslerSocket.h */ = {isa = PBXFileReference; lastKnownFileType = sourcecode.c.h; path = BaslerSocket.h; sourceTree = "<group>"; };
		69FEC71F2027897B00A7CB64 /* BaslerSocket.m */ = {isa = PBXFileReference; lastKnownFileType = sourcecode.c.objc; path = BaslerSocket.m; sourceTree = "<group>"; };
		69FEC7212027A7F500A7CB64 /* BaslerImageView.h */ = {isa = PBXFileReference; lastKnownFileType = sourcecode.c.h; path = BaslerImageView.h; sourceTree = "<group>"; };
		69FEC7222027A7F500A7CB64 /* BaslerImageView.m */ = {isa = PBXFileReference; lastKnownFileType = sourcecode.c.objc; path = BaslerImageView.m; sourceTree = "<group>"; };
/* End PBXFileReference section */

/* Begin PBXFrameworksBuildPhase section */
		69FEC7002027766D00A7CB64 /* Frameworks */ = {
			isa = PBXFrameworksBuildPhase;
			buildActionMask = 2147483647;
			files = (
			);
			runOnlyForDeploymentPostprocessing = 0;
		};
/* End PBXFrameworksBuildPhase section */

/* Begin PBXGroup section */
		69FEC6FA2027766D00A7CB64 = {
			isa = PBXGroup;
			children = (
				69FEC7172027800800A7CB64 /* Notes */,
				69FEC7052027766D00A7CB64 /* BaslerCamera */,
				69FEC7042027766D00A7CB64 /* Products */,
			);
			sourceTree = "<group>";
		};
		69FEC7042027766D00A7CB64 /* Products */ = {
			isa = PBXGroup;
			children = (
				69FEC7032027766D00A7CB64 /* BaslerCamera.app */,
			);
			name = Products;
			sourceTree = "<group>";
		};
		69FEC7052027766D00A7CB64 /* BaslerCamera */ = {
			isa = PBXGroup;
			children = (
				69FEC7062027766D00A7CB64 /* AppDelegate.h */,
				69FEC7072027766D00A7CB64 /* AppDelegate.m */,
				69FEC7192027890100A7CB64 /* BaslerGUI.h */,
				69FEC71A2027890100A7CB64 /* BaslerGUI.m */,
				69FEC71B2027890100A7CB64 /* BaslerGUI.xib */,
				69FEC7212027A7F500A7CB64 /* BaslerImageView.h */,
				69FEC7222027A7F500A7CB64 /* BaslerImageView.m */,
				69FEC71E2027897B00A7CB64 /* BaslerSocket.h */,
				69FEC71F2027897B00A7CB64 /* BaslerSocket.m */,
				69FEC7092027766D00A7CB64 /* Assets.xcassets */,
				69FEC70B2027766D00A7CB64 /* MainMenu.xib */,
				69FEC70E2027766D00A7CB64 /* Info.plist */,
				69FEC70F2027766D00A7CB64 /* main.m */,
				69FEC7112027766D00A7CB64 /* BaslerCamera.entitlements */,
			);
			path = BaslerCamera;
			sourceTree = "<group>";
		};
/* End PBXGroup section */

/* Begin PBXNativeTarget section */
		69FEC7022027766D00A7CB64 /* BaslerCamera */ = {
			isa = PBXNativeTarget;
			buildConfigurationList = 69FEC7142027766D00A7CB64 /* Build configuration list for PBXNativeTarget "BaslerCamera" */;
			buildPhases = (
				69FEC6FF2027766D00A7CB64 /* Sources */,
				69FEC7002027766D00A7CB64 /* Frameworks */,
				69FEC7012027766D00A7CB64 /* Resources */,
			);
			buildRules = (
			);
			dependencies = (
			);
			name = BaslerCamera;
			productName = BaslerCamera;
			productReference = 69FEC7032027766D00A7CB64 /* BaslerCamera.app */;
			productType = "com.apple.product-type.application";
		};
/* End PBXNativeTarget section */

/* Begin PBXProject section */
		69FEC6FB2027766D00A7CB64 /* Project object */ = {
			isa = PBXProject;
			attributes = {
				LastUpgradeCheck = 0920;
				ORGANIZATIONNAME = "John Maunsell";
				TargetAttributes = {
					69FEC7022027766D00A7CB64 = {
						CreatedOnToolsVersion = 9.2;
						ProvisioningStyle = Automatic;
						SystemCapabilities = {
							com.apple.Sandbox = {
								enabled = 0;
							};
						};
					};
				};
			};
			buildConfigurationList = 69FEC6FE2027766D00A7CB64 /* Build configuration list for PBXProject "BaslerCamera" */;
			compatibilityVersion = "Xcode 8.0";
			developmentRegion = en;
			hasScannedForEncodings = 0;
			knownRegions = (
				en,
				Base,
			);
			mainGroup = 69FEC6FA2027766D00A7CB64;
			productRefGroup = 69FEC7042027766D00A7CB64 /* Products */;
			projectDirPath = "";
			projectRoot = "";
			targets = (
				69FEC7022027766D00A7CB64 /* BaslerCamera */,
			);
		};
/* End PBXProject section */

/* Begin PBXResourcesBuildPhase section */
		69FEC7012027766D00A7CB64 /* Resources */ = {
			isa = PBXResourcesBuildPhase;
			buildActionMask = 2147483647;
			files = (
				69FEC71D2027890100A7CB64 /* BaslerGUI.xib in Resources */,
				69FEC7182027800800A7CB64 /* Notes in Resources */,
				69FEC70A2027766D00A7CB64 /* Assets.xcassets in Resources */,
				69FEC70D2027766D00A7CB64 /* MainMenu.xib in Resources */,
			);
			runOnlyForDeploymentPostprocessing = 0;
		};
/* End PBXResourcesBuildPhase section */

/* Begin PBXSourcesBuildPhase section */
		69FEC6FF2027766D00A7CB64 /* Sources */ = {
			isa = PBXSourcesBuildPhase;
			buildActionMask = 2147483647;
			files = (
				69FEC7102027766D00A7CB64 /* main.m in Sources */,
				69FEC7082027766D00A7CB64 /* AppDelegate.m in Sources */,
				69FEC7232027A7F500A7CB64 /* BaslerImageView.m in Sources */,
				69FEC71C2027890100A7CB64 /* BaslerGUI.m in Sources */,
				69FEC7202027897B00A7CB64 /* BaslerSocket.m in Sources */,
			);
			runOnlyForDeploymentPostprocessing = 0;
		};
/* End PBXSourcesBuildPhase section */

/* Begin PBXVariantGroup section */
		69FEC70B2027766D00A7CB64 /* MainMenu.xib */ = {
			isa = PBXVariantGroup;
			children = (
				69FEC70C2027766D00A7CB64 /* Base */,
			);
			name = MainMenu.xib;
			sourceTree = "<group>";
		};
/* End PBXVariantGroup section */

/* Begin XCBuildConfiguration section */
		69FEC7122027766D00A7CB64 /* Debug */ = {
			isa = XCBuildConfiguration;
			buildSettings = {
				ALWAYS_SEARCH_USER_PATHS = NO;
				CLANG_ANALYZER_NONNULL = YES;
				CLANG_ANALYZER_NUMBER_OBJECT_CONVERSION = YES_AGGRESSIVE;
				CLANG_CXX_LANGUAGE_STANDARD = "gnu++14";
				CLANG_CXX_LIBRARY = "libc++";
				CLANG_ENABLE_MODULES = YES;
				CLANG_ENABLE_OBJC_ARC = YES;
				CLANG_WARN_BLOCK_CAPTURE_AUTORELEASING = YES;
				CLANG_WARN_BOOL_CONVERSION = YES;
				CLANG_WARN_COMMA = YES;
				CLANG_WARN_CONSTANT_CONVERSION = YES;
				CLANG_WARN_DIRECT_OBJC_ISA_USAGE = YES_ERROR;
				CLANG_WARN_DOCUMENTATION_COMMENTS = YES;
				CLANG_WARN_EMPTY_BODY = YES;
				CLANG_WARN_ENUM_CONVERSION = YES;
				CLANG_WARN_INFINITE_RECURSION = YES;
				CLANG_WARN_INT_CONVERSION = YES;
				CLANG_WARN_NON_LITERAL_NULL_CONVERSION = YES;
				CLANG_WARN_OBJC_LITERAL_CONVERSION = YES;
				CLANG_WARN_OBJC_ROOT_CLASS = YES_ERROR;
				CLANG_WARN_RANGE_LOOP_ANALYSIS = YES;
				CLANG_WARN_STRICT_PROTOTYPES = YES;
				CLANG_WARN_SUSPICIOUS_MOVE = YES;
				CLANG_WARN_UNGUARDED_AVAILABILITY = YES_AGGRESSIVE;
				CLANG_WARN_UNREACHABLE_CODE = YES;
				CLANG_WARN__DUPLICATE_METHOD_MATCH = YES;
				CODE_SIGN_IDENTITY = "-";
				COPY_PHASE_STRIP = NO;
				DEBUG_INFORMATION_FORMAT = dwarf;
				ENABLE_STRICT_OBJC_MSGSEND = YES;
				ENABLE_TESTABILITY = YES;
				GCC_C_LANGUAGE_STANDARD = gnu11;
				GCC_DYNAMIC_NO_PIC = NO;
				GCC_NO_COMMON_BLOCKS = YES;
				GCC_OPTIMIZATION_LEVEL = 0;
				GCC_PREPROCESSOR_DEFINITIONS = (
					"DEBUG=1",
					"$(inherited)",
				);
				GCC_WARN_64_TO_32_BIT_CONVERSION = YES;
				GCC_WARN_ABOUT_RETURN_TYPE = YES_ERROR;
				GCC_WARN_UNDECLARED_SELECTOR = YES;
				GCC_WARN_UNINITIALIZED_AUTOS = YES_AGGRESSIVE;
				GCC_WARN_UNUSED_FUNCTION = YES;
				GCC_WARN_UNUSED_VARIABLE = YES;
				MACOSX_DEPLOYMENT_TARGET = 10.13;
				MTL_ENABLE_DEBUG_INFO = YES;
				ONLY_ACTIVE_ARCH = YES;
				SDKROOT = macosx;
			};
			name = Debug;
		};
		69FEC7132027766D00A7CB64 /* Release */ = {
			isa = XCBuildConfiguration;
			buildSettings = {
				ALWAYS_SEARCH_USER_PATHS = NO;
				CLANG_ANALYZER_NONNULL = YES;
				CLANG_ANALYZER_NUMBER_OBJECT_CONVERSION = YES_AGGRESSIVE;
				CLANG_CXX_LANGUAGE_STANDARD = "gnu++14";
				CLANG_CXX_LIBRARY = "libc++";
				CLANG_ENABLE_MODULES = YES;
				CLANG_ENABLE_OBJC_ARC = YES;
				CLANG_WARN_BLOCK_CAPTURE_AUTORELEASING = YES;
				CLANG_WARN_BOOL_CONVERSION = YES;
				CLANG_WARN_COMMA = YES;
				CLANG_WARN_CONSTANT_CONVERSION = YES;
				CLANG_WARN_DIRECT_OBJC_ISA_USAGE = YES_ERROR;
				CLANG_WARN_DOCUMENTATION_COMMENTS = YES;
				CLANG_WARN_EMPTY_BODY = YES;
				CLANG_WARN_ENUM_CONVERSION = YES;
				CLANG_WARN_INFINITE_RECURSION = YES;
				CLANG_WARN_INT_CONVERSION = YES;
				CLANG_WARN_NON_LITERAL_NULL_CONVERSION = YES;
				CLANG_WARN_OBJC_LITERAL_CONVERSION = YES;
				CLANG_WARN_OBJC_ROOT_CLASS = YES_ERROR;
				CLANG_WARN_RANGE_LOOP_ANALYSIS = YES;
				CLANG_WARN_STRICT_PROTOTYPES = YES;
				CLANG_WARN_SUSPICIOUS_MOVE = YES;
				CLANG_WARN_UNGUARDED_AVAILABILITY = YES_AGGRESSIVE;
				CLANG_WARN_UNREACHABLE_CODE = YES;
				CLANG_WARN__DUPLICATE_METHOD_MATCH = YES;
				CODE_SIGN_IDENTITY = "-";
				COPY_PHASE_STRIP = NO;
				DEBUG_INFORMATION_FORMAT = "dwarf-with-dsym";
				ENABLE_NS_ASSERTIONS = NO;
				ENABLE_STRICT_OBJC_MSGSEND = YES;
				GCC_C_LANGUAGE_STANDARD = gnu11;
				GCC_NO_COMMON_BLOCKS = YES;
				GCC_WARN_64_TO_32_BIT_CONVERSION = YES;
				GCC_WARN_ABOUT_RETURN_TYPE = YES_ERROR;
				GCC_WARN_UNDECLARED_SELECTOR = YES;
				GCC_WARN_UNINITIALIZED_AUTOS = YES_AGGRESSIVE;
				GCC_WARN_UNUSED_FUNCTION = YES;
				GCC_WARN_UNUSED_VARIABLE = YES;
				MACOSX_DEPLOYMENT_TARGET = 10.13;
				MTL_ENABLE_DEBUG_INFO = NO;
				SDKROOT = macosx;
			};
			name = Release;
		};
		69FEC7152027766D00A7CB64 /* Debug */ = {
			isa = XCBuildConfiguration;
			buildSettings = {
				ASSETCATALOG_COMPILER_APPICON_NAME = AppIcon;
				CODE_SIGN_STYLE = Automatic;
				COMBINE_HIDPI_IMAGES = YES;
				FRAMEWORK_SEARCH_PATHS = (
					"$(inherited)",
					"$(LOCAL_LIBRARY_DIR)/Frameworks",
				);
				INFOPLIST_FILE = BaslerCamera/Info.plist;
				LD_RUNPATH_SEARCH_PATHS = "$(inherited) @executable_path/../Frameworks";
				PRODUCT_BUNDLE_IDENTIFIER = "University-of-Chicago.BaslerCamera";
				PRODUCT_NAME = "$(TARGET_NAME)";
			};
			name = Debug;
		};
		69FEC7162027766D00A7CB64 /* Release */ = {
			isa = XCBuildConfiguration;
			buildSettings = {
				ASSETCATALOG_COMPILER_APPICON_NAME = AppIcon;
				CODE_SIGN_STYLE = Automatic;
				COMBINE_HIDPI_IMAGES = YES;
				FRAMEWORK_SEARCH_PATHS = (
					"$(inherited)",
					"$(LOCAL_LIBRARY_DIR)/Frameworks",
				);
				INFOPLIST_FILE = BaslerCamera/Info.plist;
				LD_RUNPATH_SEARCH_PATHS = "$(inherited) @executable_path/../Frameworks";
				PRODUCT_BUNDLE_IDENTIFIER = "University-of-Chicago.BaslerCamera";
				PRODUCT_NAME = "$(TARGET_NAME)";
			};
			name = Release;
		};
/* End XCBuildConfiguration section */

/* Begin XCConfigurationList section */
		69FEC6FE2027766D00A7CB64 /* Build configuration list for PBXProject "BaslerCamera" */ = {
			isa = XCConfigurationList;
			buildConfigurations = (
				69FEC7122027766D00A7CB64 /* Debug */,
				69FEC7132027766D00A7CB64 /* Release */,
			);
			defaultConfigurationIsVisible = 0;
			defaultConfigurationName = Release;
		};
		69FEC7142027766D00A7CB64 /* Build configuration list for PBXNativeTarget "BaslerCamera" */ = {
			isa = XCConfigurationList;
			buildConfigurations = (
				69FEC7152027766D00A7CB64 /* Debug */,
				69FEC7162027766D00A7CB64 /* Release */,
			);
			defaultConfigurationIsVisible = 0;
			defaultConfigurationName = Release;
		};
/* End XCConfigurationList section */
	};
	rootObject = 69FEC6FB2027766D00A7CB64 /* Project object */;
}
