<?xml version="1.0" encoding="UTF-8"?>
<Scheme
   LastUpgradeVersion = "0730"
   version = "1.3">
   <BuildAction
      parallelizeBuildables = "YES"
      buildImplicitDependencies = "YES">
      <BuildActionEntries>
         <BuildActionEntry
            buildForTesting = "YES"
            buildForRunning = "YES"
            buildForProfiling = "YES"
            buildForArchiving = "YES"
            buildForAnalyzing = "YES">
            <BuildableReference
               BuildableIdentifier = "primary"
               BlueprintIdentifier = "2FDFFB421CB27BBC00734AF5"
               BuildableName = "DeviceRemovalHandling"
               BlueprintName = "DeviceRemovalHandling"
               ReferencedContainer = "container:DeviceRemovalHandling/DeviceRemovalHandling.xcodeproj">
            </BuildableReference>
         </BuildActionEntry>
         <BuildActionEntry
            buildForTesting = "YES"
            buildForRunning = "YES"
            buildForProfiling = "YES"
            buildForArchiving = "YES"
            buildForAnalyzing = "YES">
            <BuildableReference
               BuildableIdentifier = "primary"
               BlueprintIdentifier = "2FDFFB421CB27BBC00734AF5"
               BuildableName = "Grab"
               BlueprintName = "Grab"
               ReferencedContainer = "container:Grab/Grab.xcodeproj">
            </BuildableReference>
         </BuildActionEntry>
         <BuildActionEntry
            buildForTesting = "YES"
            buildForRunning = "YES"
            buildForProfiling = "YES"
            buildForArchiving = "YES"
            buildForAnalyzing = "YES">
            <BuildableReference
               BuildableIdentifier = "primary"
               BlueprintIdentifier = "2FDFFB421CB27BBC00734AF5"
               BuildableName = "Grab_CameraEvents_GigE"
               BlueprintName = "Grab_CameraEvents_GigE"
               ReferencedContainer = "container:Grab_CameraEvents/Grab_CameraEvents_GigE.xcodeproj">
            </BuildableReference>
         </BuildActionEntry>
         <BuildActionEntry
            buildForTesting = "YES"
            buildForRunning = "YES"
            buildForProfiling = "YES"
            buildForArchiving = "YES"
            buildForAnalyzing = "YES">
            <BuildableReference
               BuildableIdentifier = "primary"
               BlueprintIdentifier = "2FDFFB421CB27BBC00734AF5"
               BuildableName = "Grab_ChunkImage_GigE"
               BlueprintName = "Grab_ChunkImage_GigE"
               ReferencedContainer = "container:Grab_ChunkImage/Grab_ChunkImage_GigE.xcodeproj">
            </BuildableReference>
         </BuildActionEntry>
         <BuildActionEntry
            buildForTesting = "YES"
            buildForRunning = "YES"
            buildForProfiling = "YES"
            buildForArchiving = "YES"
            buildForAnalyzing = "YES">
            <BuildableReference
               BuildableIdentifier = "primary"
               BlueprintIdentifier = "2FDFFB421CB27BBC00734AF5"
               BuildableName = "Grab_MultiCast_GigE"
               BlueprintName = "Grab_MultiCast_GigE"
               ReferencedContainer = "container:Grab_MultiCast/Grab_MultiCast_GigE.xcodeproj">
            </BuildableReference>
         </BuildActionEntry>
         <BuildActionEntry
            buildForTesting = "YES"
            buildForRunning = "YES"
            buildForProfiling = "YES"
            buildForArchiving = "YES"
            buildForAnalyzing = "YES">
            <BuildableReference
               BuildableIdentifier = "primary"
               BlueprintIdentifier = "2FDFFB421CB27BBC00734AF5"
               BuildableName = "Grab_MultipleCameras"
               BlueprintName = "Grab_MultipleCameras"
               ReferencedContainer = "container:Grab_MultipleCameras/Grab_MultipleCameras.xcodeproj">
            </BuildableReference>
         </BuildActionEntry>
         <BuildActionEntry
            buildForTesting = "YES"
            buildForRunning = "YES"
            buildForProfiling = "YES"
            buildForArchiving = "YES"
            buildForAnalyzing = "YES">
            <BuildableReference
               BuildableIdentifier = "primary"
               BlueprintIdentifier = "2FDFFB421CB27BBC00734AF5"
               BuildableName = "Grab_Strategies"
               BlueprintName = "Grab_Strategies"
               ReferencedContainer = "container:Grab_Strategies/Grab_Strategies.xcodeproj">
            </BuildableReference>
         </BuildActionEntry>
         <BuildActionEntry
            buildForTesting = "YES"
            buildForRunning = "YES"
            buildForProfiling = "YES"
            buildForArchiving = "YES"
            buildForAnalyzing = "YES">
            <BuildableReference
               BuildableIdentifier = "primary"
               BlueprintIdentifier = "2FDFFB421CB27BBC00734AF5"
               BuildableName = "Grab_UsingActionCommand_GigE"
               BlueprintName = "Grab_UsingActionCommand_GigE"
               ReferencedContainer = "container:Grab_UsingActionCommand/Grab_UsingActionCommand_GigE.xcodeproj">
            </BuildableReference>
         </BuildActionEntry>
         <BuildActionEntry
            buildForTesting = "YES"
            buildForRunning = "YES"
            buildForProfiling = "YES"
            buildForArchiving = "YES"
            buildForAnalyzing = "YES">
            <BuildableReference
               BuildableIdentifier = "primary"
               BlueprintIdentifier = "2FDFFB421CB27BBC00734AF5"
               BuildableName = "Grab_UsingBufferFactory"
               BlueprintName = "Grab_UsingBufferFactory"
               ReferencedContainer = "container:Grab_UsingBufferFactory/Grab_UsingBufferFactory.xcodeproj">
            </BuildableReference>
         </BuildActionEntry>
         <BuildActionEntry
            buildForTesting = "YES"
            buildForRunning = "YES"
            buildForProfiling = "YES"
            buildForArchiving = "YES"
            buildForAnalyzing = "YES">
            <BuildableReference
               BuildableIdentifier = "primary"
               BlueprintIdentifier = "2FDFFB421CB27BBC00734AF5"
               BuildableName = "Grab_UsingExposureEndEvent_GigE"
               BlueprintName = "Grab_UsingExposureEndEvent_GigE"
               ReferencedContainer = "container:Grab_UsingExposureEndEvent/Grab_UsingExposureEndEvent_GigE.xcodeproj">
            </BuildableReference>
         </BuildActionEntry>
         <BuildActionEntry
            buildForTesting = "YES"
            buildForRunning = "YES"
            buildForProfiling = "YES"
            buildForArchiving = "YES"
            buildForAnalyzing = "YES">
            <BuildableReference
               BuildableIdentifier = "primary"
               BlueprintIdentifier = "2FDFFB421CB27BBC00734AF5"
               BuildableName = "Grab_UsingGrabLoopThread"
               BlueprintName = "Grab_UsingGrabLoopThread"
               ReferencedContainer = "container:Grab_UsingGrabLoopThread/Grab_UsingGrabLoopThread.xcodeproj">
            </BuildableReference>
         </BuildActionEntry>
         <BuildActionEntry
            buildForTesting = "YES"
            buildForRunning = "YES"
            buildForProfiling = "YES"
            buildForArchiving = "YES"
            buildForAnalyzing = "YES">
            <BuildableReference
               BuildableIdentifier = "primary"
               BlueprintIdentifier = "2FDFFB421CB27BBC00734AF5"
               BuildableName = "Grab_UsingSequencer_GigE"
               BlueprintName = "Grab_UsingSequencer_GigE"
               ReferencedContainer = "container:Grab_UsingSequencer/Grab_UsingSequencer_GigE.xcodeproj">
            </BuildableReference>
         </BuildActionEntry>
         <BuildActionEntry
            buildForTesting = "YES"
            buildForRunning = "YES"
            buildForProfiling = "YES"
            buildForArchiving = "YES"
            buildForAnalyzing = "YES">
            <BuildableReference
               BuildableIdentifier = "primary"
               BlueprintIdentifier = "2FDFFB421CB27BBC00734AF5"
               BuildableName = "ParametrizeCamera_AutoFunctions_GigE"
               BlueprintName = "ParametrizeCamera_AutoFunctions_GigE"
               ReferencedContainer = "container:ParametrizeCamera_AutoFunctions/ParametrizeCamera_AutoFunctions_GigE.xcodeproj">
            </BuildableReference>
         </BuildActionEntry>
         <BuildActionEntry
            buildForTesting = "YES"
            buildForRunning = "YES"
            buildForProfiling = "YES"
            buildForArchiving = "YES"
            buildForAnalyzing = "YES">
            <BuildableReference
               BuildableIdentifier = "primary"
               BlueprintIdentifier = "2FDFFB421CB27BBC00734AF5"
               BuildableName = "ParametrizeCamera_Configurations"
               BlueprintName = "ParametrizeCamera_Configurations"
               ReferencedContainer = "container:ParametrizeCamera_Configurations/ParametrizeCamera_Configurations.xcodeproj">
            </BuildableReference>
         </BuildActionEntry>
         <BuildActionEntry
            buildForTesting = "YES"
            buildForRunning = "YES"
            buildForProfiling = "YES"
            buildForArchiving = "YES"
            buildForAnalyzing = "YES">
            <BuildableReference
               BuildableIdentifier = "primary"
               BlueprintIdentifier = "2FDFFB421CB27BBC00734AF5"
               BuildableName = "ParametrizeCamera_GenericParameterAccess"
               BlueprintName = "ParametrizeCamera_GenericParameterAccess"
               ReferencedContainer = "container:ParametrizeCamera_GenericParameterAccess/ParametrizeCamera_GenericParameterAccess.xcodeproj">
            </BuildableReference>
         </BuildActionEntry>
         <BuildActionEntry
            buildForTesting = "YES"
            buildForRunning = "YES"
            buildForProfiling = "YES"
            buildForArchiving = "YES"
            buildForAnalyzing = "YES">
            <BuildableReference
               BuildableIdentifier = "primary"
               BlueprintIdentifier = "2FDFFB421CB27BBC00734AF5"
               BuildableName = "ParametrizeCamera_LoadAndSave"
               BlueprintName = "ParametrizeCamera_LoadAndSave"
               ReferencedContainer = "container:ParametrizeCamera_LoadAndSave/ParametrizeCamera_LoadAndSave.xcodeproj">
            </BuildableReference>
         </BuildActionEntry>
         <BuildActionEntry
            buildForTesting = "YES"
            buildForRunning = "YES"
            buildForProfiling = "YES"
            buildForArchiving = "YES"
            buildForAnalyzing = "YES">
            <BuildableReference
               BuildableIdentifier = "primary"
               BlueprintIdentifier = "2FDFFB421CB27BBC00734AF5"
               BuildableName = "ParametrizeCamera_LookupTable_GigE"
               BlueprintName = "ParametrizeCamera_LookupTable_GigE"
               ReferencedContainer = "container:ParametrizeCamera_LookupTable/ParametrizeCamera_LookupTable_GigE.xcodeproj">
            </BuildableReference>
         </BuildActionEntry>
         <BuildActionEntry
            buildForTesting = "YES"
            buildForRunning = "YES"
            buildForProfiling = "YES"
            buildForArchiving = "YES"
            buildForAnalyzing = "YES">
            <BuildableReference
               BuildableIdentifier = "primary"
               BlueprintIdentifier = "2FDFFB421CB27BBC00734AF5"
               BuildableName = "ParametrizeCamera_NativeParameterAccess_GigE"
               BlueprintName = "ParametrizeCamera_NativeParameterAccess_GigE"
               ReferencedContainer = "container:ParametrizeCamera_NativeParameterAccess/ParametrizeCamera_NativeParameterAccess_GigE.xcodeproj">
            </BuildableReference>
         </BuildActionEntry>
         <BuildActionEntry
            buildForTesting = "YES"
            buildForRunning = "YES"
            buildForProfiling = "YES"
            buildForArchiving = "YES"
            buildForAnalyzing = "YES">
            <BuildableReference
               BuildableIdentifier = "primary"
               BlueprintIdentifier = "2FDFFB421CB27BBC00734AF5"
               BuildableName = "ParametrizeCamera_Shading_GigE"
               BlueprintName = "ParametrizeCamera_Shading_GigE"
               ReferencedContainer = "container:ParametrizeCamera_Shading/ParametrizeCamera_Shading_GigE.xcodeproj">
            </BuildableReference>
         </BuildActionEntry>
         <BuildActionEntry
            buildForTesting = "YES"
            buildForRunning = "YES"
            buildForProfiling = "YES"
            buildForArchiving = "YES"
            buildForAnalyzing = "YES">
            <BuildableReference
               BuildableIdentifier = "primary"
               BlueprintIdentifier = "2FDFFB421CB27BBC00734AF5"
               BuildableName = "ParametrizeCamera_UserSets_GigE"
               BlueprintName = "ParametrizeCamera_UserSets_GigE"
               ReferencedContainer = "container:ParametrizeCamera_UserSets/ParametrizeCamera_UserSets_GigE.xcodeproj">
            </BuildableReference>
         </BuildActionEntry>
         <BuildActionEntry
            buildForTesting = "YES"
            buildForRunning = "YES"
            buildForProfiling = "YES"
            buildForArchiving = "YES"
            buildForAnalyzing = "YES">
            <BuildableReference
               BuildableIdentifier = "primary"
               BlueprintIdentifier = "2FDFFB421CB27BBC00734AF5"
               BuildableName = "Utility_Image"
               BlueprintName = "Utility_Image"
               ReferencedContainer = "container:Utility_Image/Utility_Image.xcodeproj">
            </BuildableReference>
         </BuildActionEntry>
         <BuildActionEntry
            buildForTesting = "YES"
            buildForRunning = "YES"
            buildForProfiling = "YES"
            buildForArchiving = "YES"
            buildForAnalyzing = "YES">
            <BuildableReference
               BuildableIdentifier = "primary"
               BlueprintIdentifier = "2FDFFB421CB27BBC00734AF5"
               BuildableName = "Utility_ImageFormatConverter"
               BlueprintName = "Utility_ImageFormatConverter"
               ReferencedContainer = "container:Utility_ImageFormatConverter/Utility_ImageFormatConverter.xcodeproj">
            </BuildableReference>
         </BuildActionEntry>
         <BuildActionEntry
            buildForTesting = "YES"
            buildForRunning = "YES"
            buildForProfiling = "YES"
            buildForArchiving = "YES"
            buildForAnalyzing = "YES">
            <BuildableReference
               BuildableIdentifier = "primary"
               BlueprintIdentifier = "2FDFFB421CB27BBC00734AF5"
               BuildableName = "Utility_ImageLoadAndSave"
               BlueprintName = "Utility_ImageLoadAndSave"
               ReferencedContainer = "container:Utility_ImageLoadAndSave/Utility_ImageLoadAndSave.xcodeproj">
            </BuildableReference>
         </BuildActionEntry>
      </BuildActionEntries>
   </BuildAction>
   <TestAction
      buildConfiguration = "Debug"
      selectedDebuggerIdentifier = "Xcode.DebuggerFoundation.Debugger.LLDB"
      selectedLauncherIdentifier = "Xcode.DebuggerFoundation.Launcher.LLDB"
      shouldUseLaunchSchemeArgsEnv = "YES">
      <Testables>
      </Testables>
      <MacroExpansion>
         <BuildableReference
            BuildableIdentifier = "primary"
            BlueprintIdentifier = "2FDFFB421CB27BBC00734AF5"
            BuildableName = "DeviceRemovalHandling"
            BlueprintName = "DeviceRemovalHandling"
            ReferencedContainer = "container:DeviceRemovalHandling/DeviceRemovalHandling.xcodeproj">
         </BuildableReference>
      </MacroExpansion>
      <AdditionalOptions>
      </AdditionalOptions>
   </TestAction>
   <LaunchAction
      buildConfiguration = "Debug"
      selectedDebuggerIdentifier = "Xcode.DebuggerFoundation.Debugger.LLDB"
      selectedLauncherIdentifier = "Xcode.DebuggerFoundation.Launcher.LLDB"
      launchStyle = "0"
      useCustomWorkingDirectory = "NO"
      ignoresPersistentStateOnLaunch = "NO"
      debugDocumentVersioning = "YES"
      debugServiceExtension = "internal"
      allowLocationSimulation = "YES">
      <MacroExpansion>
         <BuildableReference
            BuildableIdentifier = "primary"
            BlueprintIdentifier = "2FDFFB421CB27BBC00734AF5"
            BuildableName = "DeviceRemovalHandling"
            BlueprintName = "DeviceRemovalHandling"
            ReferencedContainer = "container:DeviceRemovalHandling/DeviceRemovalHandling.xcodeproj">
         </BuildableReference>
      </MacroExpansion>
      <AdditionalOptions>
      </AdditionalOptions>
   </LaunchAction>
   <ProfileAction
      buildConfiguration = "Release"
      shouldUseLaunchSchemeArgsEnv = "YES"
      savedToolIdentifier = ""
      useCustomWorkingDirectory = "NO"
      debugDocumentVersioning = "YES">
      <MacroExpansion>
         <BuildableReference
            BuildableIdentifier = "primary"
            BlueprintIdentifier = "2FDFFB421CB27BBC00734AF5"
            BuildableName = "DeviceRemovalHandling"
            BlueprintName = "DeviceRemovalHandling"
            ReferencedContainer = "container:DeviceRemovalHandling/DeviceRemovalHandling.xcodeproj">
         </BuildableReference>
      </MacroExpansion>
   </ProfileAction>
   <AnalyzeAction
      buildConfiguration = "Debug">
   </AnalyzeAction>
   <ArchiveAction
      buildConfiguration = "Release"
      revealArchiveInOrganizer = "YES">
   </ArchiveAction>
</Scheme>
